
Microsoft Visual Studio Solution File, Format Version 12.00
Project("{FAE04EC0-301F-11D3-BF4B-00C04F79EFBC}") = "AssetTracker.Desktop", "AssetTracker.Desktop\AssetTracker.Desktop.csproj", "{84B942DA-65CE-443C-965F-C75A8F350E81}"
EndProject
Project("{FAE04EC0-301F-11D3-BF4B-00C04F79EFBC}") = "AssetTracker.Api", "AssetTracker.Api\AssetTracker.Api.csproj", "{3CB8672D-6CE0-4882-96EA-DD6CBA949580}"
EndProject
Project("{FAE04EC0-301F-11D3-BF4B-00C04F79EFBC}") = "AssetTracker.Data", "AssetTracker.Data\AssetTracker.Data.csproj", "{21AB8F55-6EAC-48C3-84CC-ED6861C2CC81}"
EndProject
Project("{FAE04EC0-301F-11D3-BF4B-00C04F79EFBC}") = "AssetTracker.Services", "AssetTracker.Services\AssetTracker.Services.csproj", "{DDF81931-6198-42C1-89A0-B3CCDC02ED5A}"
EndProject
Project("{FAE04EC0-301F-11D3-BF4B-00C04F79EFBC}") = "AssetTracker.Common", "AssetTracker.Common\AssetTracker.Common.csproj", "{9FD0A881-B97E-4AC0-B574-7E3F9243A5D1}"
EndProject
Global
	GlobalSection(SolutionConfigurationPlatforms) = preSolution
		Debug|Any CPU = Debug|Any CPU
		Release|Any CPU = Release|Any CPU
	EndGlobalSection
	GlobalSection(ProjectConfigurationPlatforms) = postSolution
		{84B942DA-65CE-443C-965F-C75A8F350E81}.Debug|Any CPU.ActiveCfg = Debug|Any CPU
		{84B942DA-65CE-443C-965F-C75A8F350E81}.Debug|Any CPU.Build.0 = Debug|Any CPU
		{84B942DA-65CE-443C-965F-C75A8F350E81}.Release|Any CPU.ActiveCfg = Release|Any CPU
		{84B942DA-65CE-443C-965F-C75A8F350E81}.Release|Any CPU.Build.0 = Release|Any CPU
		{3CB8672D-6CE0-4882-96EA-DD6CBA949580}.Debug|Any CPU.ActiveCfg = Debug|Any CPU
		{3CB8672D-6CE0-4882-96EA-DD6CBA949580}.Debug|Any CPU.Build.0 = Debug|Any CPU
		{3CB8672D-6CE0-4882-96EA-DD6CBA949580}.Release|Any CPU.ActiveCfg = Release|Any CPU
		{3CB8672D-6CE0-4882-96EA-DD6CBA949580}.Release|Any CPU.Build.0 = Release|Any CPU
		{21AB8F55-6EAC-48C3-84CC-ED6861C2CC81}.Debug|Any CPU.ActiveCfg = Debug|Any CPU
		{21AB8F55-6EAC-48C3-84CC-ED6861C2CC81}.Debug|Any CPU.Build.0 = Debug|Any CPU
		{21AB8F55-6EAC-48C3-84CC-ED6861C2CC81}.Release|Any CPU.ActiveCfg = Release|Any CPU
		{21AB8F55-6EAC-48C3-84CC-ED6861C2CC81}.Release|Any CPU.Build.0 = Release|Any CPU
		{DDF81931-6198-42C1-89A0-B3CCDC02ED5A}.Debug|Any CPU.ActiveCfg = Debug|Any CPU
		{DDF81931-6198-42C1-89A0-B3CCDC02ED5A}.Debug|Any CPU.Build.0 = Debug|Any CPU
		{DDF81931-6198-42C1-89A0-B3CCDC02ED5A}.Release|Any CPU.ActiveCfg = Release|Any CPU
		{DDF81931-6198-42C1-89A0-B3CCDC02ED5A}.Release|Any CPU.Build.0 = Release|Any CPU
		{9FD0A881-B97E-4AC0-B574-7E3F9243A5D1}.Debug|Any CPU.ActiveCfg = Debug|Any CPU
		{9FD0A881-B97E-4AC0-B574-7E3F9243A5D1}.Debug|Any CPU.Build.0 = Debug|Any CPU
		{9FD0A881-B97E-4AC0-B574-7E3F9243A5D1}.Release|Any CPU.ActiveCfg = Release|Any CPU
		{9FD0A881-B97E-4AC0-B574-7E3F9243A5D1}.Release|Any CPU.Build.0 = Release|Any CPU
	EndGlobalSection
EndGlobal
